// !$*UTF8*$!
{
	archiveVersion = 1;
	classes = {
	};
	objectVersion = 56;
	objects = {

/* Begin PBXBuildFile section */
		5CDC8FDA2951F4B600CB41BA /* AppDelegate.swift in Sources */ = {isa = PBXBuildFile; fileRef = 5CDC8FD92951F4B600CB41BA /* AppDelegate.swift */; };
		5CDC8FDC2951F4B600CB41BA /* SceneDelegate.swift in Sources */ = {isa = PBXBuildFile; fileRef = 5CDC8FDB2951F4B600CB41BA /* SceneDelegate.swift */; };
		5CDC8FDE2951F4B600CB41BA /* ViewController.swift in Sources */ = {isa = PBXBuildFile; fileRef = 5CDC8FDD2951F4B600CB41BA /* ViewController.swift */; };
		5CDC8FE12951F4B600CB41BA /* Main.storyboard in Resources */ = {isa = PBXBuildFile; fileRef = 5CDC8FDF2951F4B600CB41BA /* Main.storyboard */; };
		5CDC8FE32951F4B700CB41BA /* Assets.xcassets in Resources */ = {isa = PBXBuildFile; fileRef = 5CDC8FE22951F4B700CB41BA /* Assets.xcassets */; };
		5CDC8FE62951F4B700CB41BA /* LaunchScreen.storyboard in Resources */ = {isa = PBXBuildFile; fileRef = 5CDC8FE42951F4B700CB41BA /* LaunchScreen.storyboard */; };
		5CDC8FEE2951FC9300CB41BA /* ExchangeBrain.swift in Sources */ = {isa = PBXBuildFile; fileRef = 5CDC8FED2951FC9300CB41BA /* ExchangeBrain.swift */; };
/* End PBXBuildFile section */

/* Begin PBXFileReference section */
		5CDC8FD62951F4B600CB41BA /* Exchange.app */ = {isa = PBXFileReference; explicitFileType = wrapper.application; includeInIndex = 0; path = Exchange.app; sourceTree = BUILT_PRODUCTS_DIR; };
		5CDC8FD92951F4B600CB41BA /* AppDelegate.swift */ = {isa = PBXFileReference; lastKnownFileType = sourcecode.swift; path = AppDelegate.swift; sourceTree = "<group>"; };
		5CDC8FDB2951F4B600CB41BA /* SceneDelegate.swift */ = {isa = PBXFileReference; lastKnownFileType = sourcecode.swift; path = SceneDelegate.swift; sourceTree = "<group>"; };
		5CDC8FDD2951F4B600CB41BA /* ViewController.swift */ = {isa = PBXFileReference; lastKnownFileType = sourcecode.swift; path = ViewController.swift; sourceTree = "<group>"; };
		5CDC8FE02951F4B600CB41BA /* Base */ = {isa = PBXFileReference; lastKnownFileType = file.storyboard; name = Base; path = Base.lproj/Main.storyboard; sourceTree = "<group>"; };
		5CDC8FE22951F4B700CB41BA /* Assets.xcassets */ = {isa = PBXFileReference; lastKnownFileType = folder.assetcatalog; path = Assets.xcassets; sourceTree = "<group>"; };
		5CDC8FE52951F4B700CB41BA /* Base */ = {isa = PBXFileReference; lastKnownFileType = file.storyboard; name = Base; path = Base.lproj/LaunchScreen.storyboard; sourceTree = "<group>"; };
		5CDC8FE72951F4B700CB41BA /* Info.plist */ = {isa = PBXFileReference; lastKnownFileType = text.plist.xml; path = Info.plist; sourceTree = "<group>"; };
		5CDC8FED2951FC9300CB41BA /* ExchangeBrain.swift */ = {isa = PBXFileReference; lastKnownFileType = sourcecode.swift; path = ExchangeBrain.swift; sourceTree = "<group>"; };
/* End PBXFileReference section */

/* Begin PBXFrameworksBuildPhase section */
		5CDC8FD32951F4B600CB41BA /* Frameworks */ = {
			isa = PBXFrameworksBuildPhase;
			buildActionMask = 2147483647;
			files = (
			);
			runOnlyForDeploymentPostprocessing = 0;
		};
/* End PBXFrameworksBuildPhase section */

/* Begin PBXGroup section */
		5CDC8FCD2951F4B600CB41BA = {
			isa = PBXGroup;
			children = (
				5CDC8FD82951F4B600CB41BA /* Exchange */,
				5CDC8FD72951F4B600CB41BA /* Products */,
			);
			sourceTree = "<group>";
		};
		5CDC8FD72951F4B600CB41BA /* Products */ = {
			isa = PBXGroup;
			children = (
				5CDC8FD62951F4B600CB41BA /* Exchange.app */,
			);
			name = Products;
			sourceTree = "<group>";
		};
		5CDC8FD82951F4B600CB41BA /* Exchange */ = {
			isa = PBXGroup;
			children = (
				5CDC8FD92951F4B600CB41BA /* AppDelegate.swift */,
				5CDC8FDB2951F4B600CB41BA /* SceneDelegate.swift */,
				5CDC8FEF2951FCBB00CB41BA /* Model */,
				5CDC8FF02951FCC500CB41BA /* View */,
				5CDC8FF12951FCDB00CB41BA /* Controller */,
				5CDC8FE22951F4B700CB41BA /* Assets.xcassets */,
				5CDC8FE42951F4B700CB41BA /* LaunchScreen.storyboard */,
				5CDC8FE72951F4B700CB41BA /* Info.plist */,
			);
			path = Exchange;
			sourceTree = "<group>";
		};
		5CDC8FEF2951FCBB00CB41BA /* Model */ = {
			isa = PBXGroup;
			children = (
				5CDC8FED2951FC9300CB41BA /* ExchangeBrain.swift */,
			);
			path = Model;
			sourceTree = "<group>";
		};
		5CDC8FF02951FCC500CB41BA /* View */ = {
			isa = PBXGroup;
			children = (
				5CDC8FDF2951F4B600CB41BA /* Main.storyboard */,
			);
			path = View;
			sourceTree = "<group>";
		};
		5CDC8FF12951FCDB00CB41BA /* Controller */ = {
			isa = PBXGroup;
			children = (
				5CDC8FDD2951F4B600CB41BA /* ViewController.swift */,
			);
			path = Controller;
			sourceTree = "<group>";
		};
/* End PBXGroup section */

/* Begin PBXNativeTarget section */
		5CDC8FD52951F4B600CB41BA /* Exchange */ = {
			isa = PBXNativeTarget;
			buildConfigurationList = 5CDC8FEA2951F4B700CB41BA /* Build configuration list for PBXNativeTarget "Exchange" */;
			buildPhases = (
				5CDC8FD22951F4B600CB41BA /* Sources */,
				5CDC8FD32951F4B600CB41BA /* Frameworks */,
				5CDC8FD42951F4B600CB41BA /* Resources */,
			);
			buildRules = (
			);
			dependencies = (
			);
			name = Exchange;
			productName = Exchange;
			productReference = 5CDC8FD62951F4B600CB41BA /* Exchange.app */;
			productType = "com.apple.product-type.application";
		};
/* End PBXNativeTarget section */

/* Begin PBXProject section */
		5CDC8FCE2951F4B600CB41BA /* Project object */ = {
			isa = PBXProject;
			attributes = {
				BuildIndependentTargetsInParallel = 1;
				LastSwiftUpdateCheck = 1410;
				LastUpgradeCheck = 1410;
				TargetAttributes = {
					5CDC8FD52951F4B600CB41BA = {
						CreatedOnToolsVersion = 14.1;
					};
				};
			};
			buildConfigurationList = 5CDC8FD12951F4B600CB41BA /* Build configuration list for PBXProject "Exchange" */;
			compatibilityVersion = "Xcode 14.0";
			developmentRegion = en;
			hasScannedForEncodings = 0;
			knownRegions = (
				en,
				Base,
			);
			mainGroup = 5CDC8FCD2951F4B600CB41BA;
			productRefGroup = 5CDC8FD72951F4B600CB41BA /* Products */;
			projectDirPath = "";
			projectRoot = "";
			targets = (
				5CDC8FD52951F4B600CB41BA /* Exchange */,
			);
		};
/* End PBXProject section */

/* Begin PBXResourcesBuildPhase section */
		5CDC8FD42951F4B600CB41BA /* Resources */ = {
			isa = PBXResourcesBuildPhase;
			buildActionMask = 2147483647;
			files = (
				5CDC8FE62951F4B700CB41BA /* LaunchScreen.storyboard in Resources */,
				5CDC8FE32951F4B700CB41BA /* Assets.xcassets in Resources */,
				5CDC8FE12951F4B600CB41BA /* Main.storyboard in Resources */,
			);
			runOnlyForDeploymentPostprocessing = 0;
		};
/* End PBXResourcesBuildPhase section */

/* Begin PBXSourcesBuildPhase section */
		5CDC8FD22951F4B600CB41BA /* Sources */ = {
			isa = PBXSourcesBuildPhase;
			buildActionMask = 2147483647;
			files = (
				5CDC8FDE2951F4B600CB41BA /* ViewController.swift in Sources */,
				5CDC8FEE2951FC9300CB41BA /* ExchangeBrain.swift in Sources */,
				5CDC8FDA2951F4B600CB41BA /* AppDelegate.swift in Sources */,
				5CDC8FDC2951F4B600CB41BA /* SceneDelegate.swift in Sources */,
			);
			runOnlyForDeploymentPostprocessing = 0;
		};
/* End PBXSourcesBuildPhase section */

/* Begin PBXVariantGroup section */
		5CDC8FDF2951F4B600CB41BA /* Main.storyboard */ = {
			isa = PBXVariantGroup;
			children = (
				5CDC8FE02951F4B600CB41BA /* Base */,
			);
			name = Main.storyboard;
			sourceTree = "<group>";
		};
		5CDC8FE42951F4B700CB41BA /* LaunchScreen.storyboard */ = {
			isa = PBXVariantGroup;
			children = (
				5CDC8FE52951F4B700CB41BA /* Base */,
			);
			name = LaunchScreen.storyboard;
			sourceTree = "<group>";
		};
/* End PBXVariantGroup section */

/* Begin XCBuildConfiguration section */
		5CDC8FE82951F4B700CB41BA /* Debug */ = {
			isa = XCBuildConfiguration;
			buildSettings = {
				ALWAYS_SEARCH_USER_PATHS = NO;
				CLANG_ANALYZER_NONNULL = YES;
				CLANG_ANALYZER_NUMBER_OBJECT_CONVERSION = YES_AGGRESSIVE;
				CLANG_CXX_LANGUAGE_STANDARD = "gnu++20";
				CLANG_ENABLE_MODULES = YES;
				CLANG_ENABLE_OBJC_ARC = YES;
				CLANG_ENABLE_OBJC_WEAK = YES;
				CLANG_WARN_BLOCK_CAPTURE_AUTORELEASING = YES;
				CLANG_WARN_BOOL_CONVERSION = YES;
				CLANG_WARN_COMMA = YES;
				CLANG_WARN_CONSTANT_CONVERSION = YES;
				CLANG_WARN_DEPRECATED_OBJC_IMPLEMENTATIONS = YES;
				CLANG_WARN_DIRECT_OBJC_ISA_USAGE = YES_ERROR;
				CLANG_WARN_DOCUMENTATION_COMMENTS = YES;
				CLANG_WARN_EMPTY_BODY = YES;
				CLANG_WARN_ENUM_CONVERSION = YES;
				CLANG_WARN_INFINITE_RECURSION = YES;
				CLANG_WARN_INT_CONVERSION = YES;
				CLANG_WARN_NON_LITERAL_NULL_CONVERSION = YES;
				CLANG_WARN_OBJC_IMPLICIT_RETAIN_SELF = YES;
				CLANG_WARN_OBJC_LITERAL_CONVERSION = YES;
				CLANG_WARN_OBJC_ROOT_CLASS = YES_ERROR;
				CLANG_WARN_QUOTED_INCLUDE_IN_FRAMEWORK_HEADER = YES;
				CLANG_WARN_RANGE_LOOP_ANALYSIS = YES;
				CLANG_WARN_STRICT_PROTOTYPES = YES;
				CLANG_WARN_SUSPICIOUS_MOVE = YES;
				CLANG_WARN_UNGUARDED_AVAILABILITY = YES_AGGRESSIVE;
				CLANG_WARN_UNREACHABLE_CODE = YES;
				CLANG_WARN__DUPLICATE_METHOD_MATCH = YES;
				COPY_PHASE_STRIP = NO;
				DEBUG_INFORMATION_FORMAT = dwarf;
				ENABLE_STRICT_OBJC_MSGSEND = YES;
				ENABLE_TESTABILITY = YES;
				GCC_C_LANGUAGE_STANDARD = gnu11;
				GCC_DYNAMIC_NO_PIC = NO;
				GCC_NO_COMMON_BLOCKS = YES;
				GCC_OPTIMIZATION_LEVEL = 0;
				GCC_PREPROCESSOR_DEFINITIONS = (
					"DEBUG=1",
					"$(inherited)",
				);
				GCC_WARN_64_TO_32_BIT_CONVERSION = YES;
				GCC_WARN_ABOUT_RETURN_TYPE = YES_ERROR;
				GCC_WARN_UNDECLARED_SELECTOR = YES;
				GCC_WARN_UNINITIALIZED_AUTOS = YES_AGGRESSIVE;
				GCC_WARN_UNUSED_FUNCTION = YES;
				GCC_WARN_UNUSED_VARIABLE = YES;
				IPHONEOS_DEPLOYMENT_TARGET = 13.0;
				MTL_ENABLE_DEBUG_INFO = INCLUDE_SOURCE;
				MTL_FAST_MATH = YES;
				ONLY_ACTIVE_ARCH = YES;
				SDKROOT = iphoneos;
				SWIFT_ACTIVE_COMPILATION_CONDITIONS = DEBUG;
				SWIFT_OPTIMIZATION_LEVEL = "-Onone";
			};
			name = Debug;
		};
		5CDC8FE92951F4B700CB41BA /* Release */ = {
			isa = XCBuildConfiguration;
			buildSettings = {
				ALWAYS_SEARCH_USER_PATHS = NO;
				CLANG_ANALYZER_NONNULL = YES;
				CLANG_ANALYZER_NUMBER_OBJECT_CONVERSION = YES_AGGRESSIVE;
				CLANG_CXX_LANGUAGE_STANDARD = "gnu++20";
				CLANG_ENABLE_MODULES = YES;
				CLANG_ENABLE_OBJC_ARC = YES;
				CLANG_ENABLE_OBJC_WEAK = YES;
				CLANG_WARN_BLOCK_CAPTURE_AUTORELEASING = YES;
				CLANG_WARN_BOOL_CONVERSION = YES;
				CLANG_WARN_COMMA = YES;
				CLANG_WARN_CONSTANT_CONVERSION = YES;
				CLANG_WARN_DEPRECATED_OBJC_IMPLEMENTATIONS = YES;
				CLANG_WARN_DIRECT_OBJC_ISA_USAGE = YES_ERROR;
				CLANG_WARN_DOCUMENTATION_COMMENTS = YES;
				CLANG_WARN_EMPTY_BODY = YES;
				CLANG_WARN_ENUM_CONVERSION = YES;
				CLANG_WARN_INFINITE_RECURSION = YES;
				CLANG_WARN_INT_CONVERSION = YES;
				CLANG_WARN_NON_LITERAL_NULL_CONVERSION = YES;
				CLANG_WARN_OBJC_IMPLICIT_RETAIN_SELF = YES;
				CLANG_WARN_OBJC_LITERAL_CONVERSION = YES;
				CLANG_WARN_OBJC_ROOT_CLASS = YES_ERROR;
				CLANG_WARN_QUOTED_INCLUDE_IN_FRAMEWORK_HEADER = YES;
				CLANG_WARN_RANGE_LOOP_ANALYSIS = YES;
				CLANG_WARN_STRICT_PROTOTYPES = YES;
				CLANG_WARN_SUSPICIOUS_MOVE = YES;
				CLANG_WARN_UNGUARDED_AVAILABILITY = YES_AGGRESSIVE;
				CLANG_WARN_UNREACHABLE_CODE = YES;
				CLANG_WARN__DUPLICATE_METHOD_MATCH = YES;
				COPY_PHASE_STRIP = NO;
				DEBUG_INFORMATION_FORMAT = "dwarf-with-dsym";
				ENABLE_NS_ASSERTIONS = NO;
				ENABLE_STRICT_OBJC_MSGSEND = YES;
				GCC_C_LANGUAGE_STANDARD = gnu11;
				GCC_NO_COMMON_BLOCKS = YES;
				GCC_WARN_64_TO_32_BIT_CONVERSION = YES;
				GCC_WARN_ABOUT_RETURN_TYPE = YES_ERROR;
				GCC_WARN_UNDECLARED_SELECTOR = YES;
				GCC_WARN_UNINITIALIZED_AUTOS = YES_AGGRESSIVE;
				GCC_WARN_UNUSED_FUNCTION = YES;
				GCC_WARN_UNUSED_VARIABLE = YES;
				IPHONEOS_DEPLOYMENT_TARGET = 13.0;
				MTL_ENABLE_DEBUG_INFO = NO;
				MTL_FAST_MATH = YES;
				SDKROOT = iphoneos;
				SWIFT_COMPILATION_MODE = wholemodule;
				SWIFT_OPTIMIZATION_LEVEL = "-O";
				VALIDATE_PRODUCT = YES;
			};
			name = Release;
		};
		5CDC8FEB2951F4B700CB41BA /* Debug */ = {
			isa = XCBuildConfiguration;
			buildSettings = {
				ASSETCATALOG_COMPILER_APPICON_NAME = AppIcon;
				ASSETCATALOG_COMPILER_GLOBAL_ACCENT_COLOR_NAME = AccentColor;
				CODE_SIGN_STYLE = Automatic;
				CURRENT_PROJECT_VERSION = 1;
				DEVELOPMENT_TEAM = 267MD9AH76;
				GENERATE_INFOPLIST_FILE = YES;
				INFOPLIST_FILE = Exchange/Info.plist;
				INFOPLIST_KEY_UIApplicationSupportsIndirectInputEvents = YES;
				INFOPLIST_KEY_UILaunchStoryboardName = LaunchScreen;
				INFOPLIST_KEY_UIMainStoryboardFile = Main;
				INFOPLIST_KEY_UISupportedInterfaceOrientations = UIInterfaceOrientationPortrait;
				INFOPLIST_KEY_UISupportedInterfaceOrientations_iPad = "UIInterfaceOrientationLandscapeLeft UIInterfaceOrientationLandscapeRight UIInterfaceOrientationPortrait";
				IPHONEOS_DEPLOYMENT_TARGET = 13.0;
				LD_RUNPATH_SEARCH_PATHS = (
					"$(inherited)",
					"@executable_path/Frameworks",
				);
				MARKETING_VERSION = 1.0;
				PRODUCT_BUNDLE_IDENTIFIER = co.papadoster.Exchange;
				PRODUCT_NAME = "$(TARGET_NAME)";
				SWIFT_EMIT_LOC_STRINGS = YES;
				SWIFT_VERSION = 5.0;
				TARGETED_DEVICE_FAMILY = "1,2";
			};
			name = Debug;
		};
		5CDC8FEC2951F4B700CB41BA /* Release */ = {
			isa = XCBuildConfiguration;
			buildSettings = {
				ASSETCATALOG_COMPILER_APPICON_NAME = AppIcon;
				ASSETCATALOG_COMPILER_GLOBAL_ACCENT_COLOR_NAME = AccentColor;
				CODE_SIGN_STYLE = Automatic;
				CURRENT_PROJECT_VERSION = 1;
				DEVELOPMENT_TEAM = 267MD9AH76;
				GENERATE_INFOPLIST_FILE = YES;
				INFOPLIST_FILE = Exchange/Info.plist;
				INFOPLIST_KEY_UIApplicationSupportsIndirectInputEvents = YES;
				INFOPLIST_KEY_UILaunchStoryboardName = LaunchScreen;
				INFOPLIST_KEY_UIMainStoryboardFile = Main;
				INFOPLIST_KEY_UISupportedInterfaceOrientations = UIInterfaceOrientationPortrait;
				INFOPLIST_KEY_UISupportedInterfaceOrientations_iPad = "UIInterfaceOrientationLandscapeLeft UIInterfaceOrientationLandscapeRight UIInterfaceOrientationPortrait";
				IPHONEOS_DEPLOYMENT_TARGET = 13.0;
				LD_RUNPATH_SEARCH_PATHS = (
					"$(inherited)",
					"@executable_path/Frameworks",
				);
				MARKETING_VERSION = 1.0;
				PRODUCT_BUNDLE_IDENTIFIER = co.papadoster.Exchange;
				PRODUCT_NAME = "$(TARGET_NAME)";
				SWIFT_EMIT_LOC_STRINGS = YES;
				SWIFT_VERSION = 5.0;
				TARGETED_DEVICE_FAMILY = "1,2";
			};
			name = Release;
		};
/* End XCBuildConfiguration section */

/* Begin XCConfigurationList section */
		5CDC8FD12951F4B600CB41BA /* Build configuration list for PBXProject "Exchange" */ = {
			isa = XCConfigurationList;
			buildConfigurations = (
				5CDC8FE82951F4B700CB41BA /* Debug */,
				5CDC8FE92951F4B700CB41BA /* Release */,
			);
			defaultConfigurationIsVisible = 0;
			defaultConfigurationName = Release;
		};
		5CDC8FEA2951F4B700CB41BA /* Build configuration list for PBXNativeTarget "Exchange" */ = {
			isa = XCConfigurationList;
			buildConfigurations = (
				5CDC8FEB2951F4B700CB41BA /* Debug */,
				5CDC8FEC2951F4B700CB41BA /* Release */,
			);
			defaultConfigurationIsVisible = 0;
			defaultConfigurationName = Release;
		};
/* End XCConfigurationList section */
	};
	rootObject = 5CDC8FCE2951F4B600CB41BA /* Project object */;
}
